lockfileVersion: '9.0'

settings:
  autoInstallPeers: true
  excludeLinksFromLockfile: false

importers:

  .:
    dependencies:
      '@react-three/drei':
        specifier: ^9.105.6
        version: 9.105.6(@react-three/fiber@8.16.6(react-dom@18.3.1(react@18.3.1))(react@18.3.1)(three@0.164.1))(@types/react@18.3.2)(@types/three@0.164.0)(react-dom@18.3.1(react@18.3.1))(react@18.3.1)(three@0.164.1)
      '@types/three':
        specifier: ^0.164.0
        version: 0.164.0
      gsap:
        specifier: ^3.12.5
        version: 3.12.5
      lenis:
        specifier: ^1.0.45
        version: 1.0.45(react-dom@18.3.1(react@18.3.1))(react@18.3.1)
      lil-gui:
        specifier: ^0.19.2
        version: 0.19.2
      three:
        specifier: ^0.164.1
        version: 0.164.1
    devDependencies:
      typescript:
        specifier: ^5.2.2
        version: 5.4.5
      vite:
        specifier: ^5.2.0
        version: 5.2.11

packages:

  '@babel/runtime@7.24.5':
    resolution: {integrity: sha512-Nms86NXrsaeU9vbBJKni6gXiEXZ4CVpYVzEjDH9Sb8vmZ3UljyA1GSOJl/6LGPO8EHLuSF9H+IxNXHPX8QHJ4g==}
    engines: {node: '>=6.9.0'}

  '@darkroom.engineering/tempus@0.0.46':
    resolution: {integrity: sha512-s5vav3KMHYezvUCl4ee5epg0oimF6M8C9gAaKxFnFaTvX2q3ywFDryIv6XLd0mRFUt3S1uHDJqKaiEcs2ZVSvw==}

  '@esbuild/aix-ppc64@0.20.2':
    resolution: {integrity: sha512-D+EBOJHXdNZcLJRBkhENNG8Wji2kgc9AZ9KiPr1JuZjsNtyHzrsfLRrY0tk2H2aoFu6RANO1y1iPPUCDYWkb5g==}
    engines: {node: '>=12'}
    cpu: [ppc64]
    os: [aix]

  '@esbuild/android-arm64@0.20.2':
    resolution: {integrity: sha512-mRzjLacRtl/tWU0SvD8lUEwb61yP9cqQo6noDZP/O8VkwafSYwZ4yWy24kan8jE/IMERpYncRt2dw438LP3Xmg==}
    engines: {node: '>=12'}
    cpu: [arm64]
    os: [android]

  '@esbuild/android-arm@0.20.2':
    resolution: {integrity: sha512-t98Ra6pw2VaDhqNWO2Oph2LXbz/EJcnLmKLGBJwEwXX/JAN83Fym1rU8l0JUWK6HkIbWONCSSatf4sf2NBRx/w==}
    engines: {node: '>=12'}
    cpu: [arm]
    os: [android]

  '@esbuild/android-x64@0.20.2':
    resolution: {integrity: sha512-btzExgV+/lMGDDa194CcUQm53ncxzeBrWJcncOBxuC6ndBkKxnHdFJn86mCIgTELsooUmwUm9FkhSp5HYu00Rg==}
    engines: {node: '>=12'}
    cpu: [x64]
    os: [android]

  '@esbuild/darwin-arm64@0.20.2':
    resolution: {integrity: sha512-4J6IRT+10J3aJH3l1yzEg9y3wkTDgDk7TSDFX+wKFiWjqWp/iCfLIYzGyasx9l0SAFPT1HwSCR+0w/h1ES/MjA==}
    engines: {node: '>=12'}
    cpu: [arm64]
    os: [darwin]

  '@esbuild/darwin-x64@0.20.2':
    resolution: {integrity: sha512-tBcXp9KNphnNH0dfhv8KYkZhjc+H3XBkF5DKtswJblV7KlT9EI2+jeA8DgBjp908WEuYll6pF+UStUCfEpdysA==}
    engines: {node: '>=12'}
    cpu: [x64]
    os: [darwin]

  '@esbuild/freebsd-arm64@0.20.2':
    resolution: {integrity: sha512-d3qI41G4SuLiCGCFGUrKsSeTXyWG6yem1KcGZVS+3FYlYhtNoNgYrWcvkOoaqMhwXSMrZRl69ArHsGJ9mYdbbw==}
    engines: {node: '>=12'}
    cpu: [arm64]
    os: [freebsd]

  '@esbuild/freebsd-x64@0.20.2':
    resolution: {integrity: sha512-d+DipyvHRuqEeM5zDivKV1KuXn9WeRX6vqSqIDgwIfPQtwMP4jaDsQsDncjTDDsExT4lR/91OLjRo8bmC1e+Cw==}
    engines: {node: '>=12'}
    cpu: [x64]
    os: [freebsd]

  '@esbuild/linux-arm64@0.20.2':
    resolution: {integrity: sha512-9pb6rBjGvTFNira2FLIWqDk/uaf42sSyLE8j1rnUpuzsODBq7FvpwHYZxQ/It/8b+QOS1RYfqgGFNLRI+qlq2A==}
    engines: {node: '>=12'}
    cpu: [arm64]
    os: [linux]

  '@esbuild/linux-arm@0.20.2':
    resolution: {integrity: sha512-VhLPeR8HTMPccbuWWcEUD1Az68TqaTYyj6nfE4QByZIQEQVWBB8vup8PpR7y1QHL3CpcF6xd5WVBU/+SBEvGTg==}
    engines: {node: '>=12'}
    cpu: [arm]
    os: [linux]

  '@esbuild/linux-ia32@0.20.2':
    resolution: {integrity: sha512-o10utieEkNPFDZFQm9CoP7Tvb33UutoJqg3qKf1PWVeeJhJw0Q347PxMvBgVVFgouYLGIhFYG0UGdBumROyiig==}
    engines: {node: '>=12'}
    cpu: [ia32]
    os: [linux]

  '@esbuild/linux-loong64@0.20.2':
    resolution: {integrity: sha512-PR7sp6R/UC4CFVomVINKJ80pMFlfDfMQMYynX7t1tNTeivQ6XdX5r2XovMmha/VjR1YN/HgHWsVcTRIMkymrgQ==}
    engines: {node: '>=12'}
    cpu: [loong64]
    os: [linux]

  '@esbuild/linux-mips64el@0.20.2':
    resolution: {integrity: sha512-4BlTqeutE/KnOiTG5Y6Sb/Hw6hsBOZapOVF6njAESHInhlQAghVVZL1ZpIctBOoTFbQyGW+LsVYZ8lSSB3wkjA==}
    engines: {node: '>=12'}
    cpu: [mips64el]
    os: [linux]

  '@esbuild/linux-ppc64@0.20.2':
    resolution: {integrity: sha512-rD3KsaDprDcfajSKdn25ooz5J5/fWBylaaXkuotBDGnMnDP1Uv5DLAN/45qfnf3JDYyJv/ytGHQaziHUdyzaAg==}
    engines: {node: '>=12'}
    cpu: [ppc64]
    os: [linux]

  '@esbuild/linux-riscv64@0.20.2':
    resolution: {integrity: sha512-snwmBKacKmwTMmhLlz/3aH1Q9T8v45bKYGE3j26TsaOVtjIag4wLfWSiZykXzXuE1kbCE+zJRmwp+ZbIHinnVg==}
    engines: {node: '>=12'}
    cpu: [riscv64]
    os: [linux]

  '@esbuild/linux-s390x@0.20.2':
    resolution: {integrity: sha512-wcWISOobRWNm3cezm5HOZcYz1sKoHLd8VL1dl309DiixxVFoFe/o8HnwuIwn6sXre88Nwj+VwZUvJf4AFxkyrQ==}
    engines: {node: '>=12'}
    cpu: [s390x]
    os: [linux]

  '@esbuild/linux-x64@0.20.2':
    resolution: {integrity: sha512-1MdwI6OOTsfQfek8sLwgyjOXAu+wKhLEoaOLTjbijk6E2WONYpH9ZU2mNtR+lZ2B4uwr+usqGuVfFT9tMtGvGw==}
    engines: {node: '>=12'}
    cpu: [x64]
    os: [linux]

  '@esbuild/netbsd-x64@0.20.2':
    resolution: {integrity: sha512-K8/DhBxcVQkzYc43yJXDSyjlFeHQJBiowJ0uVL6Tor3jGQfSGHNNJcWxNbOI8v5k82prYqzPuwkzHt3J1T1iZQ==}
    engines: {node: '>=12'}
    cpu: [x64]
    os: [netbsd]

  '@esbuild/openbsd-x64@0.20.2':
    resolution: {integrity: sha512-eMpKlV0SThJmmJgiVyN9jTPJ2VBPquf6Kt/nAoo6DgHAoN57K15ZghiHaMvqjCye/uU4X5u3YSMgVBI1h3vKrQ==}
    engines: {node: '>=12'}
    cpu: [x64]
    os: [openbsd]

  '@esbuild/sunos-x64@0.20.2':
    resolution: {integrity: sha512-2UyFtRC6cXLyejf/YEld4Hajo7UHILetzE1vsRcGL3earZEW77JxrFjH4Ez2qaTiEfMgAXxfAZCm1fvM/G/o8w==}
    engines: {node: '>=12'}
    cpu: [x64]
    os: [sunos]

  '@esbuild/win32-arm64@0.20.2':
    resolution: {integrity: sha512-GRibxoawM9ZCnDxnP3usoUDO9vUkpAxIIZ6GQI+IlVmr5kP3zUq+l17xELTHMWTWzjxa2guPNyrpq1GWmPvcGQ==}
    engines: {node: '>=12'}
    cpu: [arm64]
    os: [win32]

  '@esbuild/win32-ia32@0.20.2':
    resolution: {integrity: sha512-HfLOfn9YWmkSKRQqovpnITazdtquEW8/SoHW7pWpuEeguaZI4QnCRW6b+oZTztdBnZOS2hqJ6im/D5cPzBTTlQ==}
    engines: {node: '>=12'}
    cpu: [ia32]
    os: [win32]

  '@esbuild/win32-x64@0.20.2':
    resolution: {integrity: sha512-N49X4lJX27+l9jbLKSqZ6bKNjzQvHaT8IIFUy+YIqmXQdjYCToGWwOItDrfby14c78aDd5NHQl29xingXfCdLQ==}
    engines: {node: '>=12'}
    cpu: [x64]
    os: [win32]

  '@mediapipe/tasks-vision@0.10.8':
    resolution: {integrity: sha512-Rp7ll8BHrKB3wXaRFKhrltwZl1CiXGdibPxuWXvqGnKTnv8fqa/nvftYNuSbf+pbJWKYCXdBtYTITdAUTGGh0Q==}

  '@monogrid/gainmap-js@3.0.5':
    resolution: {integrity: sha512-53sCTG4FaJBaAq/tcufARtVYDMDGqyBT9i7F453pWGhZ5LqubDHDWtYoHo9VhQqMcHTEexdJqSsR58y+9HVmQA==}
    peerDependencies:
      three: '>= 0.159.0'

  '@react-spring/animated@9.6.1':
    resolution: {integrity: sha512-ls/rJBrAqiAYozjLo5EPPLLOb1LM0lNVQcXODTC1SMtS6DbuBCPaKco5svFUQFMP2dso3O+qcC4k9FsKc0KxMQ==}
    peerDependencies:
      react: ^16.8.0 || ^17.0.0 || ^18.0.0

  '@react-spring/core@9.6.1':
    resolution: {integrity: sha512-3HAAinAyCPessyQNNXe5W0OHzRfa8Yo5P748paPcmMowZ/4sMfaZ2ZB6e5x5khQI8NusOHj8nquoutd6FRY5WQ==}
    peerDependencies:
      react: ^16.8.0 || ^17.0.0 || ^18.0.0

  '@react-spring/rafz@9.6.1':
    resolution: {integrity: sha512-v6qbgNRpztJFFfSE3e2W1Uz+g8KnIBs6SmzCzcVVF61GdGfGOuBrbjIcp+nUz301awVmREKi4eMQb2Ab2gGgyQ==}

  '@react-spring/shared@9.6.1':
    resolution: {integrity: sha512-PBFBXabxFEuF8enNLkVqMC9h5uLRBo6GQhRMQT/nRTnemVENimgRd+0ZT4yFnAQ0AxWNiJfX3qux+bW2LbG6Bw==}
    peerDependencies:
      react: ^16.8.0 || ^17.0.0 || ^18.0.0

  '@react-spring/three@9.6.1':
    resolution: {integrity: sha512-Tyw2YhZPKJAX3t2FcqvpLRb71CyTe1GvT3V+i+xJzfALgpk10uPGdGaQQ5Xrzmok1340DAeg2pR/MCfaW7b8AA==}
    peerDependencies:
      '@react-three/fiber': '>=6.0'
      react: ^16.8.0 || ^17.0.0 || ^18.0.0
      three: '>=0.126'

  '@react-spring/types@9.6.1':
    resolution: {integrity: sha512-POu8Mk0hIU3lRXB3bGIGe4VHIwwDsQyoD1F394OK7STTiX9w4dG3cTLljjYswkQN+hDSHRrj4O36kuVa7KPU8Q==}

  '@react-three/drei@9.105.6':
    resolution: {integrity: sha512-JBgYeV36N9N9f1c3o1ZfLYW4rXZA7UQTq32Y8s3DEF6lwj1/y+RP/yq2VG5I8OzUPl7gsmWdy8fpWZgrlAqUpQ==}
    peerDependencies:
      '@react-three/fiber': '>=8.0'
      react: '>=18.0'
      react-dom: '>=18.0'
      three: '>=0.137'
    peerDependenciesMeta:
      react-dom:
        optional: true

  '@react-three/fiber@8.16.6':
    resolution: {integrity: sha512-sKEqocYKRI3deW7z9CAVjedDID1an2i8FwxQVv2reMJxzIxIlyxCYXMIAqXBCgHTFtVX2hWGTZYhLL5nyne8kA==}
    peerDependencies:
      expo: '>=43.0'
      expo-asset: '>=8.4'
      expo-file-system: '>=11.0'
      expo-gl: '>=11.0'
      react: '>=18.0'
      react-dom: '>=18.0'
      react-native: '>=0.64'
      three: '>=0.133'
    peerDependenciesMeta:
      expo:
        optional: true
      expo-asset:
        optional: true
      expo-file-system:
        optional: true
      expo-gl:
        optional: true
      react-dom:
        optional: true
      react-native:
        optional: true

  '@rollup/rollup-android-arm-eabi@4.17.2':
    resolution: {integrity: sha512-NM0jFxY8bB8QLkoKxIQeObCaDlJKewVlIEkuyYKm5An1tdVZ966w2+MPQ2l8LBZLjR+SgyV+nRkTIunzOYBMLQ==}
    cpu: [arm]
    os: [android]

  '@rollup/rollup-android-arm64@4.17.2':
    resolution: {integrity: sha512-yeX/Usk7daNIVwkq2uGoq2BYJKZY1JfyLTaHO/jaiSwi/lsf8fTFoQW/n6IdAsx5tx+iotu2zCJwz8MxI6D/Bw==}
    cpu: [arm64]
    os: [android]

  '@rollup/rollup-darwin-arm64@4.17.2':
    resolution: {integrity: sha512-kcMLpE6uCwls023+kknm71ug7MZOrtXo+y5p/tsg6jltpDtgQY1Eq5sGfHcQfb+lfuKwhBmEURDga9N0ol4YPw==}
    cpu: [arm64]
    os: [darwin]

  '@rollup/rollup-darwin-x64@4.17.2':
    resolution: {integrity: sha512-AtKwD0VEx0zWkL0ZjixEkp5tbNLzX+FCqGG1SvOu993HnSz4qDI6S4kGzubrEJAljpVkhRSlg5bzpV//E6ysTQ==}
    cpu: [x64]
    os: [darwin]

  '@rollup/rollup-linux-arm-gnueabihf@4.17.2':
    resolution: {integrity: sha512-3reX2fUHqN7sffBNqmEyMQVj/CKhIHZd4y631duy0hZqI8Qoqf6lTtmAKvJFYa6bhU95B1D0WgzHkmTg33In0A==}
    cpu: [arm]
    os: [linux]

  '@rollup/rollup-linux-arm-musleabihf@4.17.2':
    resolution: {integrity: sha512-uSqpsp91mheRgw96xtyAGP9FW5ChctTFEoXP0r5FAzj/3ZRv3Uxjtc7taRQSaQM/q85KEKjKsZuiZM3GyUivRg==}
    cpu: [arm]
    os: [linux]

  '@rollup/rollup-linux-arm64-gnu@4.17.2':
    resolution: {integrity: sha512-EMMPHkiCRtE8Wdk3Qhtciq6BndLtstqZIroHiiGzB3C5LDJmIZcSzVtLRbwuXuUft1Cnv+9fxuDtDxz3k3EW2A==}
    cpu: [arm64]
    os: [linux]

  '@rollup/rollup-linux-arm64-musl@4.17.2':
    resolution: {integrity: sha512-NMPylUUZ1i0z/xJUIx6VUhISZDRT+uTWpBcjdv0/zkp7b/bQDF+NfnfdzuTiB1G6HTodgoFa93hp0O1xl+/UbA==}
    cpu: [arm64]
    os: [linux]

  '@rollup/rollup-linux-powerpc64le-gnu@4.17.2':
    resolution: {integrity: sha512-T19My13y8uYXPw/L/k0JYaX1fJKFT/PWdXiHr8mTbXWxjVF1t+8Xl31DgBBvEKclw+1b00Chg0hxE2O7bTG7GQ==}
    cpu: [ppc64]
    os: [linux]

  '@rollup/rollup-linux-riscv64-gnu@4.17.2':
    resolution: {integrity: sha512-BOaNfthf3X3fOWAB+IJ9kxTgPmMqPPH5f5k2DcCsRrBIbWnaJCgX2ll77dV1TdSy9SaXTR5iDXRL8n7AnoP5cg==}
    cpu: [riscv64]
    os: [linux]

  '@rollup/rollup-linux-s390x-gnu@4.17.2':
    resolution: {integrity: sha512-W0UP/x7bnn3xN2eYMql2T/+wpASLE5SjObXILTMPUBDB/Fg/FxC+gX4nvCfPBCbNhz51C+HcqQp2qQ4u25ok6g==}
    cpu: [s390x]
    os: [linux]

  '@rollup/rollup-linux-x64-gnu@4.17.2':
    resolution: {integrity: sha512-Hy7pLwByUOuyaFC6mAr7m+oMC+V7qyifzs/nW2OJfC8H4hbCzOX07Ov0VFk/zP3kBsELWNFi7rJtgbKYsav9QQ==}
    cpu: [x64]
    os: [linux]

  '@rollup/rollup-linux-x64-musl@4.17.2':
    resolution: {integrity: sha512-h1+yTWeYbRdAyJ/jMiVw0l6fOOm/0D1vNLui9iPuqgRGnXA0u21gAqOyB5iHjlM9MMfNOm9RHCQ7zLIzT0x11Q==}
    cpu: [x64]
    os: [linux]

  '@rollup/rollup-win32-arm64-msvc@4.17.2':
    resolution: {integrity: sha512-tmdtXMfKAjy5+IQsVtDiCfqbynAQE/TQRpWdVataHmhMb9DCoJxp9vLcCBjEQWMiUYxO1QprH/HbY9ragCEFLA==}
    cpu: [arm64]
    os: [win32]

  '@rollup/rollup-win32-ia32-msvc@4.17.2':
    resolution: {integrity: sha512-7II/QCSTAHuE5vdZaQEwJq2ZACkBpQDOmQsE6D6XUbnBHW8IAhm4eTufL6msLJorzrHDFv3CF8oCA/hSIRuZeQ==}
    cpu: [ia32]
    os: [win32]

  '@rollup/rollup-win32-x64-msvc@4.17.2':
    resolution: {integrity: sha512-TGGO7v7qOq4CYmSBVEYpI1Y5xDuCEnbVC5Vth8mOsW0gDSzxNrVERPc790IGHsrT2dQSimgMr9Ub3Y1Jci5/8w==}
    cpu: [x64]
    os: [win32]

  '@tweenjs/tween.js@23.1.2':
    resolution: {integrity: sha512-kMCNaZCJugWI86xiEHaY338CU5JpD0B97p1j1IKNn/Zto8PgACjQx0UxbHjmOcLl/dDOBnItwD07KmCs75pxtQ==}

  '@types/draco3d@1.4.9':
    resolution: {integrity: sha512-4MMUjMQb4yA5fJ4osXx+QxGHt0/ZSy4spT6jL1HM7Tn8OJEC35siqdnpOo+HxPhYjqEFumKfGVF9hJfdyKBIBA==}

  '@types/estree@1.0.5':
    resolution: {integrity: sha512-/kYRxGDLWzHOB7q+wtSUQlFrtcdUccpfy+X+9iMBpHK8QLLhx2wIPYuS5DYtR9Wa/YlZAbIovy7qVdB1Aq6Lyw==}

  '@types/offscreencanvas@2019.7.3':
    resolution: {integrity: sha512-ieXiYmgSRXUDeOntE1InxjWyvEelZGP63M+cGuquuRLuIKKT1osnkXjxev9B7d1nXSug5vpunx+gNlbVxMlC9A==}

  '@types/prop-types@15.7.12':
    resolution: {integrity: sha512-5zvhXYtRNRluoE/jAp4GVsSduVUzNWKkOZrCDBWYtE7biZywwdC2AcEzg+cSMLFRfVgeAFqpfNabiPjxFddV1Q==}

  '@types/react-reconciler@0.26.7':
    resolution: {integrity: sha512-mBDYl8x+oyPX/VBb3E638N0B7xG+SPk/EAMcVPeexqus/5aTpTphQi0curhhshOqRrc9t6OPoJfEUkbymse/lQ==}

  '@types/react-reconciler@0.28.8':
    resolution: {integrity: sha512-SN9c4kxXZonFhbX4hJrZy37yw9e7EIxcpHCxQv5JUS18wDE5ovkQKlqQEkufdJCCMfuI9BnjUJvhYeJ9x5Ra7g==}

  '@types/react@18.3.2':
    resolution: {integrity: sha512-Btgg89dAnqD4vV7R3hlwOxgqobUQKgx3MmrQRi0yYbs/P0ym8XozIAlkqVilPqHQwXs4e9Tf63rrCgl58BcO4w==}

  '@types/stats.js@0.17.3':
    resolution: {integrity: sha512-pXNfAD3KHOdif9EQXZ9deK82HVNaXP5ZIF5RP2QG6OQFNTaY2YIetfrE9t528vEreGQvEPRDDc8muaoYeK0SxQ==}

  '@types/three@0.163.0':
    resolution: {integrity: sha512-uIdDhsXRpQiBUkflBS/i1l3JX14fW6Ot9csed60nfbZNXHDTRsnV2xnTVwXcgbvTiboAR4IW+t+lTL5f1rqIqA==}

  '@types/three@0.164.0':
    resolution: {integrity: sha512-SFDofn9dJVrE+1DKta7xj7lc4ru7B3S3yf10NsxOserW57aQlB6GxtAS1UK5To3LfEMN5HUHMu3n5v+M5rApgA==}

  '@types/webxr@0.5.16':
    resolution: {integrity: sha512-0E0Cl84FECtzrB4qG19TNTqpunw0F1YF0QZZnFMF6pDw1kNKJtrlTKlVB34stGIsHbZsYQ7H0tNjPfZftkHHoA==}

  '@use-gesture/core@10.3.1':
    resolution: {integrity: sha512-WcINiDt8WjqBdUXye25anHiNxPc0VOrlT8F6LLkU6cycrOGUDyY/yyFmsg3k8i5OLvv25llc0QC45GhR/C8llw==}

  '@use-gesture/react@10.3.1':
    resolution: {integrity: sha512-Yy19y6O2GJq8f7CHf7L0nxL8bf4PZCPaVOCgJrusOeFHY1LvHgYXnmnXg6N5iwAnbgbZCDjo60SiM6IPJi9C5g==}
    peerDependencies:
      react: '>= 16.8.0'

  base64-js@1.5.1:
    resolution: {integrity: sha512-AKpaYlHn8t4SVbOHCy+b5+KKgvR4vrsD8vbvrbiQJps7fKDTkjkDry6ji0rUJjC0kzbNePLwzxq8iypo41qeWA==}

  bidi-js@1.0.3:
    resolution: {integrity: sha512-RKshQI1R3YQ+n9YJz2QQ147P66ELpa1FQEg20Dk8oW9t2KgLbpDLLp9aGZ7y8WHSshDknG0bknqGw5/tyCs5tw==}

  buffer@6.0.3:
    resolution: {integrity: sha512-FTiCpNxtwiZZHEZbcbTIcZjERVICn9yq/pDFkTl95/AxzD1naBctN7YO68riM/gLSDY7sdrMby8hofADYuuqOA==}

  camera-controls@2.8.3:
    resolution: {integrity: sha512-zFjqUR6onLkG+z1A6vAWfzovxZxWVSvp6e5t3lfZgfgPZtX3n74aykNAUaoRbq8Y3tOxadHkDjbfGDOP9hFf2w==}
    peerDependencies:
      three: '>=0.126.1'

  clsx@2.1.1:
    resolution: {integrity: sha512-eYm0QWBtUrBWZWG0d386OGAw16Z995PiOVo2B7bjWSbHedGl5e0ZWaq65kOGgUSNesEIDkB9ISbTg/JK9dhCZA==}
    engines: {node: '>=6'}

  cross-env@7.0.3:
    resolution: {integrity: sha512-+/HKd6EgcQCJGh2PSjZuUitQBQynKor4wrFbRg4DtAgS1aWO+gU52xpH7M9ScGgXSYmAVS9bIJ8EzuaGw0oNAw==}
    engines: {node: '>=10.14', npm: '>=6', yarn: '>=1'}
    hasBin: true

  cross-spawn@7.0.3:
    resolution: {integrity: sha512-iRDPJKUPVEND7dHPO8rkbOnPpyDygcDFtWjpeWNCgy8WP2rXcxXL8TskReQl6OrB2G7+UJrags1q15Fudc7G6w==}
    engines: {node: '>= 8'}

  csstype@3.1.3:
    resolution: {integrity: sha512-M1uQkMl8rQK/szD0LNhtqxIPLpimGm8sOBwU7lLnCpSbTyY3yeU1Vc7l4KT5zT4s/yOxHH5O7tIuuLOCnLADRw==}

  debounce@1.2.1:
    resolution: {integrity: sha512-XRRe6Glud4rd/ZGQfiV1ruXSfbvfJedlV9Y6zOlP+2K04vBYiJEte6stfFkCP03aMnY5tsipamumUjL14fofug==}

  detect-gpu@5.0.38:
    resolution: {integrity: sha512-36QeGHSXYcJ/RfrnPEScR8GDprbXFG4ZhXsfVNVHztZr38+fRxgHnJl3CjYXXjbeRUhu3ZZBJh6Lg0A9v0Qd8A==}

  draco3d@1.5.7:
    resolution: {integrity: sha512-m6WCKt/erDXcw+70IJXnG7M3awwQPAsZvJGX5zY7beBqpELw6RDGkYVU0W43AFxye4pDZ5i2Lbyc/NNGqwjUVQ==}

  esbuild@0.20.2:
    resolution: {integrity: sha512-WdOOppmUNU+IbZ0PaDiTst80zjnrOkyJNHoKupIcVyU8Lvla3Ugx94VzkQ32Ijqd7UhHJy75gNWDMUekcrSJ6g==}
    engines: {node: '>=12'}
    hasBin: true

  fflate@0.6.10:
    resolution: {integrity: sha512-IQrh3lEPM93wVCEczc9SaAOvkmcoQn/G8Bo1e8ZPlY3X3bnAxWaBdvTdvM1hP62iZp0BXWDy4vTAy4fF0+Dlpg==}

  fflate@0.8.2:
    resolution: {integrity: sha512-cPJU47OaAoCbg0pBvzsgpTPhmhqI5eJjh/JIu8tPj5q+T7iLvW/JAYUqmE7KOB4R1ZyEhzBaIQpQpardBF5z8A==}

  fsevents@2.3.3:
    resolution: {integrity: sha512-5xoDfX+fL7faATnagmWPpbFtwh/R77WmMMqqHGS65C3vvB0YHrgF+B1YmZ3441tMj5n63k0212XNoJwzlhffQw==}
    engines: {node: ^8.16.0 || ^10.6.0 || >=11.0.0}
    os: [darwin]

  glsl-noise@0.0.0:
    resolution: {integrity: sha512-b/ZCF6amfAUb7dJM/MxRs7AetQEahYzJ8PtgfrmEdtw6uyGOr+ZSGtgjFm6mfsBkxJ4d2W7kg+Nlqzqvn3Bc0w==}

  gsap@3.12.5:
    resolution: {integrity: sha512-srBfnk4n+Oe/ZnMIOXt3gT605BX9x5+rh/prT2F1SsNJsU1XuMiP0E2aptW481OnonOGACZWBqseH5Z7csHxhQ==}

  hls.js@1.3.5:
    resolution: {integrity: sha512-uybAvKS6uDe0MnWNEPnO0krWVr+8m2R0hJ/viql8H3MVK+itq8gGQuIYoFHL3rECkIpNH98Lw8YuuWMKZxp3Ew==}

  ieee754@1.2.1:
    resolution: {integrity: sha512-dcyqhDvX1C46lXZcVqCpK+FtMRQVdIMN6/Df5js2zouUsqG7I6sFxitIC+7KYK29KdXOLHdu9zL4sFnoVQnqaA==}

  immediate@3.0.6:
    resolution: {integrity: sha512-XXOFtyqDjNDAQxVfYxuF7g9Il/IbWmmlQg2MYKOH8ExIT1qg6xc4zyS3HaEEATgs1btfzxq15ciUiY7gjSXRGQ==}

  is-promise@2.2.2:
    resolution: {integrity: sha512-+lP4/6lKUBfQjZ2pdxThZvLUAafmZb8OAxFb8XXtiQmS35INgr85hdOGoEs124ez1FCnZJt6jau/T+alh58QFQ==}

  isexe@2.0.0:
    resolution: {integrity: sha512-RHxMLp9lnKHGHRng9QFhRCMbYAcVpn69smSGcq3f36xjgVVWThj4qqLbTLlq7Ssj8B+fIQ1EuCEGI2lKsyQeIw==}

  its-fine@1.2.5:
    resolution: {integrity: sha512-fXtDA0X0t0eBYAGLVM5YsgJGsJ5jEmqZEPrGbzdf5awjv0xE7nqv3TVnvtUF060Tkes15DbDAKW/I48vsb6SyA==}
    peerDependencies:
      react: '>=18.0'

  js-tokens@4.0.0:
    resolution: {integrity: sha512-RdJUflcE3cUzKiMqQgsCu06FPu9UdIJO0beYbPhHN4k6apgJtifcoCtT9bcxOpYBtpD2kCM6Sbzg4CausW/PKQ==}

  lenis@1.0.45:
    resolution: {integrity: sha512-wiaYRxr7rK1rY+dhGdMLowV0rkjg+1B2nI50Igyu5USkjDY6lkBNCJi0mVaSL/X3ECyAm/oA0nsihq8ic3p9wg==}
    peerDependencies:
      react: '>=17.0.0'
      react-dom: '>=17.0.0'
    peerDependenciesMeta:
      react:
        optional: true
      react-dom:
        optional: true

  lie@3.3.0:
    resolution: {integrity: sha512-UaiMJzeWRlEujzAuw5LokY1L5ecNQYZKfmyZ9L7wDHb/p5etKaxXhohBcrw0EYby+G/NA52vRSN4N39dxHAIwQ==}

  lil-gui@0.19.2:
    resolution: {integrity: sha512-nU8j4ND702ouGfQZoaTN4dfXxacvGOAVK0DtmZBVcUYUAeYQXLQAjAN50igMHiba3T5jZyKEjXZU+Ntm1Qs6ZQ==}

  loose-envify@1.4.0:
    resolution: {integrity: sha512-lyuxPGr/Wfhrlem2CL/UcnUc1zcqKAImBDzukY7Y5F/yQiNdko6+fRLevlw1HgMySw7f611UIY408EtxRSoK3Q==}
    hasBin: true

  maath@0.10.7:
    resolution: {integrity: sha512-zQ2xd7dNOIVTjAS+hj22fyj1EFYmOJX6tzKjZ92r6WDoq8hyFxjuGA2q950tmR4iC/EKXoMQdSipkaJVuUHDTg==}
    peerDependencies:
      '@types/three': '>=0.144.0'
      three: '>=0.144.0'

  meshline@3.3.0:
    resolution: {integrity: sha512-EKKf2TLnfyqUeA7ryWFKgT9HchTMATvECGZnMQjtlcyxK0sB8shVLVkemBUp9dB3tkDEmoqQDLJCPStjkH8D7A==}
    peerDependencies:
      three: '>=0.137'

  meshoptimizer@0.18.1:
    resolution: {integrity: sha512-ZhoIoL7TNV4s5B6+rx5mC//fw8/POGyNxS/DZyCJeiZ12ScLfVwRE/GfsxwiTkMYYD5DmK2/JXnEVXqL4rF+Sw==}

  nanoid@3.3.7:
    resolution: {integrity: sha512-eSRppjcPIatRIMC1U6UngP8XFcz8MQWGQdt1MTBQ7NaAmvXDfvNxbvWV3x2y6CdEUciCSsDHDQZbhYaB8QEo2g==}
    engines: {node: ^10 || ^12 || ^13.7 || ^14 || >=15.0.1}
    hasBin: true

  object-assign@4.1.1:
    resolution: {integrity: sha512-rJgTQnkUnH1sFw8yT6VSU3zD3sWmu6sZhIseY8VX+GRu3P6F7Fu+JNDoXfklElbLJSnc3FUQHVe4cU5hj+BcUg==}
    engines: {node: '>=0.10.0'}

  path-key@3.1.1:
    resolution: {integrity: sha512-ojmeN0qd+y0jszEtoY48r0Peq5dwMEkIlCOu6Q5f41lfkswXuKtYrhgoTpLnyIcHm24Uhqx+5Tqm2InSwLhE6Q==}
    engines: {node: '>=8'}

  picocolors@1.0.1:
    resolution: {integrity: sha512-anP1Z8qwhkbmu7MFP5iTt+wQKXgwzf7zTyGlcdzabySa9vd0Xt392U0rVmz9poOaBj0uHJKyyo9/upk0HrEQew==}

  postcss@8.4.38:
    resolution: {integrity: sha512-Wglpdk03BSfXkHoQa3b/oulrotAkwrlLDRSOb9D0bN86FdRyE9lppSp33aHNPgBa0JKCoB+drFLZkQoRRYae5A==}
    engines: {node: ^10 || ^12 || >=14}

  potpack@1.0.2:
    resolution: {integrity: sha512-choctRBIV9EMT9WGAZHn3V7t0Z2pMQyl0EZE6pFc/6ml3ssw7Dlf/oAOvFwjm1HVsqfQN8GfeFyJ+d8tRzqueQ==}

  promise-worker-transferable@1.0.4:
    resolution: {integrity: sha512-bN+0ehEnrXfxV2ZQvU2PetO0n4gqBD4ulq3MI1WOPLgr7/Mg9yRQkX5+0v1vagr74ZTsl7XtzlaYDo2EuCeYJw==}

  prop-types@15.8.1:
    resolution: {integrity: sha512-oj87CgZICdulUohogVAR7AjlC0327U4el4L6eAvOqCeudMDVU0NThNaV+b9Df4dXgSP1gXMTnPdhfe/2qDH5cg==}

  react-composer@5.0.3:
    resolution: {integrity: sha512-1uWd07EME6XZvMfapwZmc7NgCZqDemcvicRi3wMJzXsQLvZ3L7fTHVyPy1bZdnWXM4iPjYuNE+uJ41MLKeTtnA==}
    peerDependencies:
      react: ^15.0.0 || ^16.0.0 || ^17.0.0 || ^18.0.0

  react-dom@18.3.1:
    resolution: {integrity: sha512-5m4nQKp+rZRb09LNH59GM4BxTh9251/ylbKIbpe7TpGxfJ+9kv6BLkLBXIjjspbgbnIBNqlI23tRnTWT0snUIw==}
    peerDependencies:
      react: ^18.3.1

  react-is@16.13.1:
    resolution: {integrity: sha512-24e6ynE2H+OKt4kqsOvNd8kBpV65zoxbA4BVsEOB3ARVWQki/DHzaUoC5KuON/BiccDaCCTZBuOcfZs70kR8bQ==}

  react-reconciler@0.27.0:
    resolution: {integrity: sha512-HmMDKciQjYmBRGuuhIaKA1ba/7a+UsM5FzOZsMO2JYHt9Jh8reCb7j1eDC95NOyUlKM9KRyvdx0flBuDvYSBoA==}
    engines: {node: '>=0.10.0'}
    peerDependencies:
      react: ^18.0.0

  react-use-measure@2.1.1:
    resolution: {integrity: sha512-nocZhN26cproIiIduswYpV5y5lQpSQS1y/4KuvUCjSKmw7ZWIS/+g3aFnX3WdBkyuGUtTLif3UTqnLLhbDoQig==}
    peerDependencies:
      react: '>=16.13'
      react-dom: '>=16.13'

  react@18.3.1:
    resolution: {integrity: sha512-wS+hAgJShR0KhEvPJArfuPVN1+Hz1t0Y6n5jLrGQbkb4urgPE/0Rve+1kMB1v/oWgHgm4WIcV+i7F2pTVj+2iQ==}
    engines: {node: '>=0.10.0'}

  regenerator-runtime@0.14.1:
    resolution: {integrity: sha512-dYnhHh0nJoMfnkZs6GmmhFknAGRrLznOu5nc9ML+EJxGvrx6H7teuevqVqCuPcPK//3eDrrjQhehXVx9cnkGdw==}

  require-from-string@2.0.2:
    resolution: {integrity: sha512-Xf0nWe6RseziFMu+Ap9biiUbmplq6S9/p+7w7YXP/JBHhrUDDUhwa+vANyubuqfZWTveU//DYVGsDG7RKL/vEw==}
    engines: {node: '>=0.10.0'}

  rollup@4.17.2:
    resolution: {integrity: sha512-/9ClTJPByC0U4zNLowV1tMBe8yMEAxewtR3cUNX5BoEpGH3dQEWpJLr6CLp0fPdYRF/fzVOgvDb1zXuakwF5kQ==}
    engines: {node: '>=18.0.0', npm: '>=8.0.0'}
    hasBin: true

  scheduler@0.21.0:
    resolution: {integrity: sha512-1r87x5fz9MXqswA2ERLo0EbOAU74DpIUO090gIasYTqlVoJeMcl+Z1Rg7WHz+qtPujhS/hGIt9kxZOYBV3faRQ==}

  scheduler@0.23.2:
    resolution: {integrity: sha512-UOShsPwz7NrMUqhR6t0hWjFduvOzbtv7toDH1/hIrfRNIDBnnBWd0CwJTGvTpngVlmwGCdP9/Zl/tVrDqcuYzQ==}

  shebang-command@2.0.0:
    resolution: {integrity: sha512-kHxr2zZpYtdmrN1qDjrrX/Z1rR1kG8Dx+gkpK1G4eXmvXswmcE1hTWBWYUzlraYw1/yZp6YuDY77YtvbN0dmDA==}
    engines: {node: '>=8'}

  shebang-regex@3.0.0:
    resolution: {integrity: sha512-7++dFhtcx3353uBaq8DDR4NuxBetBzC7ZQOhmTQInHEd6bSrXdiEyzCvG07Z44UYdLShWUyXt5M/yhz8ekcb1A==}
    engines: {node: '>=8'}

  source-map-js@1.2.0:
    resolution: {integrity: sha512-itJW8lvSA0TXEphiRoawsCksnlf8SyvmFzIhltqAHluXd88pkCd+cXJVHTDwdCr0IzwptSm035IHQktUu1QUMg==}
    engines: {node: '>=0.10.0'}

  stats-gl@2.2.8:
    resolution: {integrity: sha512-94G5nZvduDmzxBS7K0lYnynYwreZpkknD8g5dZmU6mpwIhy3caCrjAm11Qm1cbyx7mqix7Fp00RkbsonzKWnoQ==}

  stats.js@0.17.0:
    resolution: {integrity: sha512-hNKz8phvYLPEcRkeG1rsGmV5ChMjKDAWU7/OJJdDErPBNChQXxCo3WZurGpnWc6gZhAzEPFad1aVgyOANH1sMw==}

  suspend-react@0.1.3:
    resolution: {integrity: sha512-aqldKgX9aZqpoDp3e8/BZ8Dm7x1pJl+qI3ZKxDN0i/IQTWUwBx/ManmlVJ3wowqbno6c2bmiIfs+Um6LbsjJyQ==}
    peerDependencies:
      react: '>=17.0'

  three-mesh-bvh@0.7.4:
    resolution: {integrity: sha512-flxe0A4uflTPR6elgq/Y8VrLoljDNS899i422SxQcU3EtMj6o8z4kZRyqZqGWzR0qMf1InTZzY1/0xZl/rnvVw==}
    peerDependencies:
      three: '>= 0.151.0'

  three-stdlib@2.30.0:
    resolution: {integrity: sha512-ALL7rn57jq/MovDRk5hGjeWCvOeZlZhFCWIdpbBAQNudCO3nMwxEba5ZulsMgiI1ymQMzUzTMcxhLTCVlUaKDw==}
    peerDependencies:
      three: '>=0.128.0'

  three@0.164.1:
    resolution: {integrity: sha512-iC/hUBbl1vzFny7f5GtqzVXYjMJKaTPxiCxXfrvVdBi1Sf+jhd1CAkitiFwC7mIBFCo3MrDLJG97yisoaWig0w==}

  troika-three-text@0.49.1:
    resolution: {integrity: sha512-lXGWxgjJP9kw4i4Wh+0k0Q/7cRfS6iOME4knKht/KozPu9GcFA9NnNpRvehIhrUawq9B0ZRw+0oiFHgRO+4Wig==}
    peerDependencies:
      three: '>=0.125.0'

  troika-three-utils@0.49.0:
    resolution: {integrity: sha512-umitFL4cT+Fm/uONmaQEq4oZlyRHWwVClaS6ZrdcueRvwc2w+cpNQ47LlJKJswpqtMFWbEhOLy0TekmcPZOdYA==}
    peerDependencies:
      three: '>=0.125.0'

  troika-worker-utils@0.49.0:
    resolution: {integrity: sha512-1xZHoJrG0HFfCvT/iyN41DvI/nRykiBtHqFkGaGgJwq5iXfIZFBiPPEHFpPpgyKM3Oo5ITHXP5wM2TNQszYdVg==}

  tunnel-rat@0.1.2:
    resolution: {integrity: sha512-lR5VHmkPhzdhrM092lI2nACsLO4QubF0/yoOhzX7c+wIpbN1GjHNzCc91QlpxBi+cnx8vVJ+Ur6vL5cEoQPFpQ==}

  typescript@5.4.5:
    resolution: {integrity: sha512-vcI4UpRgg81oIRUFwR0WSIHKt11nJ7SAVlYNIu+QpqeyXP+gpQJy/Z4+F0aGxSE4MqwjyXvW/TzgkLAx2AGHwQ==}
    engines: {node: '>=14.17'}
    hasBin: true

  use-sync-external-store@1.2.0:
    resolution: {integrity: sha512-eEgnFxGQ1Ife9bzYs6VLi8/4X6CObHMw9Qr9tPY43iKwsPw8xE8+EFsf/2cFZ5S3esXgpWgtSCtLNS41F+sKPA==}
    peerDependencies:
      react: ^16.8.0 || ^17.0.0 || ^18.0.0

  utility-types@3.11.0:
    resolution: {integrity: sha512-6Z7Ma2aVEWisaL6TvBCy7P8rm2LQoPv6dJ7ecIaIixHcwfbJ0x7mWdbcwlIM5IGQxPZSFYeqRCqlOOeKoJYMkw==}
    engines: {node: '>= 4'}

  uuid@9.0.1:
    resolution: {integrity: sha512-b+1eJOlsR9K8HJpow9Ok3fiWOWSIcIzXodvv0rQjVoOVNpWMpxf1wZNpt4y9h10odCNrqnYp1OBzRktckBe3sA==}
    hasBin: true

  vite@5.2.11:
    resolution: {integrity: sha512-HndV31LWW05i1BLPMUCE1B9E9GFbOu1MbenhS58FuK6owSO5qHm7GiCotrNY1YE5rMeQSFBGmT5ZaLEjFizgiQ==}
    engines: {node: ^18.0.0 || >=20.0.0}
    hasBin: true
    peerDependencies:
      '@types/node': ^18.0.0 || >=20.0.0
      less: '*'
      lightningcss: ^1.21.0
      sass: '*'
      stylus: '*'
      sugarss: '*'
      terser: ^5.4.0
    peerDependenciesMeta:
      '@types/node':
        optional: true
      less:
        optional: true
      lightningcss:
        optional: true
      sass:
        optional: true
      stylus:
        optional: true
      sugarss:
        optional: true
      terser:
        optional: true

  webgl-constants@1.1.1:
    resolution: {integrity: sha512-LkBXKjU5r9vAW7Gcu3T5u+5cvSvh5WwINdr0C+9jpzVB41cjQAP5ePArDtk/WHYdVj0GefCgM73BA7FlIiNtdg==}

  webgl-sdf-generator@1.1.1:
    resolution: {integrity: sha512-9Z0JcMTFxeE+b2x1LJTdnaT8rT8aEp7MVxkNwoycNmJWwPdzoXzMh0BjJSh/AEFP+KPYZUli814h8bJZFIZ2jA==}

  which@2.0.2:
    resolution: {integrity: sha512-BLI3Tl1TW3Pvl70l3yq3Y64i+awpwXqsGBYWkkqMtnbXgrMD+yj7rhW0kuEDxzJaYXGjEW5ogapKNMEKNMjibA==}
    engines: {node: '>= 8'}
    hasBin: true

  zustand@3.7.2:
    resolution: {integrity: sha512-PIJDIZKtokhof+9+60cpockVOq05sJzHCriyvaLBmEJixseQ1a5Kdov6fWZfWOu5SK9c+FhH1jU0tntLxRJYMA==}
    engines: {node: '>=12.7.0'}
    peerDependencies:
      react: '>=16.8'
    peerDependenciesMeta:
      react:
        optional: true

  zustand@4.5.2:
    resolution: {integrity: sha512-2cN1tPkDVkwCy5ickKrI7vijSjPksFRfqS6237NzT0vqSsztTNnQdHw9mmN7uBdk3gceVXU0a+21jFzFzAc9+g==}
    engines: {node: '>=12.7.0'}
    peerDependencies:
      '@types/react': '>=16.8'
      immer: '>=9.0.6'
      react: '>=16.8'
    peerDependenciesMeta:
      '@types/react':
        optional: true
      immer:
        optional: true
      react:
        optional: true

snapshots:

  '@babel/runtime@7.24.5':
    dependencies:
      regenerator-runtime: 0.14.1

  '@darkroom.engineering/tempus@0.0.46': {}

  '@esbuild/aix-ppc64@0.20.2':
    optional: true

  '@esbuild/android-arm64@0.20.2':
    optional: true

  '@esbuild/android-arm@0.20.2':
    optional: true

  '@esbuild/android-x64@0.20.2':
    optional: true

  '@esbuild/darwin-arm64@0.20.2':
    optional: true

  '@esbuild/darwin-x64@0.20.2':
    optional: true

  '@esbuild/freebsd-arm64@0.20.2':
    optional: true

  '@esbuild/freebsd-x64@0.20.2':
    optional: true

  '@esbuild/linux-arm64@0.20.2':
    optional: true

  '@esbuild/linux-arm@0.20.2':
    optional: true

  '@esbuild/linux-ia32@0.20.2':
    optional: true

  '@esbuild/linux-loong64@0.20.2':
    optional: true

  '@esbuild/linux-mips64el@0.20.2':
    optional: true

  '@esbuild/linux-ppc64@0.20.2':
    optional: true

  '@esbuild/linux-riscv64@0.20.2':
    optional: true

  '@esbuild/linux-s390x@0.20.2':
    optional: true

  '@esbuild/linux-x64@0.20.2':
    optional: true

  '@esbuild/netbsd-x64@0.20.2':
    optional: true

  '@esbuild/openbsd-x64@0.20.2':
    optional: true

  '@esbuild/sunos-x64@0.20.2':
    optional: true

  '@esbuild/win32-arm64@0.20.2':
    optional: true

  '@esbuild/win32-ia32@0.20.2':
    optional: true

  '@esbuild/win32-x64@0.20.2':
    optional: true

  '@mediapipe/tasks-vision@0.10.8': {}

  '@monogrid/gainmap-js@3.0.5(three@0.164.1)':
    dependencies:
      promise-worker-transferable: 1.0.4
      three: 0.164.1

  '@react-spring/animated@9.6.1(react@18.3.1)':
    dependencies:
      '@react-spring/shared': 9.6.1(react@18.3.1)
      '@react-spring/types': 9.6.1
      react: 18.3.1

  '@react-spring/core@9.6.1(react@18.3.1)':
    dependencies:
      '@react-spring/animated': 9.6.1(react@18.3.1)
      '@react-spring/rafz': 9.6.1
      '@react-spring/shared': 9.6.1(react@18.3.1)
      '@react-spring/types': 9.6.1
      react: 18.3.1

  '@react-spring/rafz@9.6.1': {}

  '@react-spring/shared@9.6.1(react@18.3.1)':
    dependencies:
      '@react-spring/rafz': 9.6.1
      '@react-spring/types': 9.6.1
      react: 18.3.1

  '@react-spring/three@9.6.1(@react-three/fiber@8.16.6(react-dom@18.3.1(react@18.3.1))(react@18.3.1)(three@0.164.1))(react@18.3.1)(three@0.164.1)':
    dependencies:
      '@react-spring/animated': 9.6.1(react@18.3.1)
      '@react-spring/core': 9.6.1(react@18.3.1)
      '@react-spring/shared': 9.6.1(react@18.3.1)
      '@react-spring/types': 9.6.1
      '@react-three/fiber': 8.16.6(react-dom@18.3.1(react@18.3.1))(react@18.3.1)(three@0.164.1)
      react: 18.3.1
      three: 0.164.1

  '@react-spring/types@9.6.1': {}

  '@react-three/drei@9.105.6(@react-three/fiber@8.16.6(react-dom@18.3.1(react@18.3.1))(react@18.3.1)(three@0.164.1))(@types/react@18.3.2)(@types/three@0.164.0)(react-dom@18.3.1(react@18.3.1))(react@18.3.1)(three@0.164.1)':
    dependencies:
      '@babel/runtime': 7.24.5
      '@mediapipe/tasks-vision': 0.10.8
      '@monogrid/gainmap-js': 3.0.5(three@0.164.1)
      '@react-spring/three': 9.6.1(@react-three/fiber@8.16.6(react-dom@18.3.1(react@18.3.1))(react@18.3.1)(three@0.164.1))(react@18.3.1)(three@0.164.1)
      '@react-three/fiber': 8.16.6(react-dom@18.3.1(react@18.3.1))(react@18.3.1)(three@0.164.1)
      '@use-gesture/react': 10.3.1(react@18.3.1)
      camera-controls: 2.8.3(three@0.164.1)
      cross-env: 7.0.3
      detect-gpu: 5.0.38
      glsl-noise: 0.0.0
      hls.js: 1.3.5
      maath: 0.10.7(@types/three@0.164.0)(three@0.164.1)
      meshline: 3.3.0(three@0.164.1)
      react: 18.3.1
      react-composer: 5.0.3(react@18.3.1)
      stats-gl: 2.2.8
      stats.js: 0.17.0
      suspend-react: 0.1.3(react@18.3.1)
      three: 0.164.1
      three-mesh-bvh: 0.7.4(three@0.164.1)
      three-stdlib: 2.30.0(three@0.164.1)
      troika-three-text: 0.49.1(three@0.164.1)
      tunnel-rat: 0.1.2(@types/react@18.3.2)(react@18.3.1)
      utility-types: 3.11.0
      uuid: 9.0.1
      zustand: 3.7.2(react@18.3.1)
    optionalDependencies:
      react-dom: 18.3.1(react@18.3.1)
    transitivePeerDependencies:
      - '@types/react'
      - '@types/three'
      - immer

  '@react-three/fiber@8.16.6(react-dom@18.3.1(react@18.3.1))(react@18.3.1)(three@0.164.1)':
    dependencies:
      '@babel/runtime': 7.24.5
      '@types/react-reconciler': 0.26.7
      '@types/webxr': 0.5.16
      base64-js: 1.5.1
      buffer: 6.0.3
      its-fine: 1.2.5(react@18.3.1)
      react: 18.3.1
      react-reconciler: 0.27.0(react@18.3.1)
      react-use-measure: 2.1.1(react-dom@18.3.1(react@18.3.1))(react@18.3.1)
      scheduler: 0.21.0
      suspend-react: 0.1.3(react@18.3.1)
      three: 0.164.1
      zustand: 3.7.2(react@18.3.1)
    optionalDependencies:
      react-dom: 18.3.1(react@18.3.1)

  '@rollup/rollup-android-arm-eabi@4.17.2':
    optional: true

  '@rollup/rollup-android-arm64@4.17.2':
    optional: true

  '@rollup/rollup-darwin-arm64@4.17.2':
    optional: true

  '@rollup/rollup-darwin-x64@4.17.2':
    optional: true

  '@rollup/rollup-linux-arm-gnueabihf@4.17.2':
    optional: true

  '@rollup/rollup-linux-arm-musleabihf@4.17.2':
    optional: true

  '@rollup/rollup-linux-arm64-gnu@4.17.2':
    optional: true

  '@rollup/rollup-linux-arm64-musl@4.17.2':
    optional: true

  '@rollup/rollup-linux-powerpc64le-gnu@4.17.2':
    optional: true

  '@rollup/rollup-linux-riscv64-gnu@4.17.2':
    optional: true

  '@rollup/rollup-linux-s390x-gnu@4.17.2':
    optional: true

  '@rollup/rollup-linux-x64-gnu@4.17.2':
    optional: true

  '@rollup/rollup-linux-x64-musl@4.17.2':
    optional: true

  '@rollup/rollup-win32-arm64-msvc@4.17.2':
    optional: true

  '@rollup/rollup-win32-ia32-msvc@4.17.2':
    optional: true

  '@rollup/rollup-win32-x64-msvc@4.17.2':
    optional: true

  '@tweenjs/tween.js@23.1.2': {}

  '@types/draco3d@1.4.9': {}

  '@types/estree@1.0.5': {}

  '@types/offscreencanvas@2019.7.3': {}

  '@types/prop-types@15.7.12': {}

  '@types/react-reconciler@0.26.7':
    dependencies:
      '@types/react': 18.3.2

  '@types/react-reconciler@0.28.8':
    dependencies:
      '@types/react': 18.3.2

  '@types/react@18.3.2':
    dependencies:
      '@types/prop-types': 15.7.12
      csstype: 3.1.3

  '@types/stats.js@0.17.3': {}

  '@types/three@0.163.0':
    dependencies:
      '@tweenjs/tween.js': 23.1.2
      '@types/stats.js': 0.17.3
      '@types/webxr': 0.5.16
      fflate: 0.8.2
      meshoptimizer: 0.18.1

  '@types/three@0.164.0':
    dependencies:
      '@tweenjs/tween.js': 23.1.2
      '@types/stats.js': 0.17.3
      '@types/webxr': 0.5.16
      fflate: 0.8.2
      meshoptimizer: 0.18.1

  '@types/webxr@0.5.16': {}

  '@use-gesture/core@10.3.1': {}

  '@use-gesture/react@10.3.1(react@18.3.1)':
    dependencies:
      '@use-gesture/core': 10.3.1
      react: 18.3.1

  base64-js@1.5.1: {}

  bidi-js@1.0.3:
    dependencies:
      require-from-string: 2.0.2

  buffer@6.0.3:
    dependencies:
      base64-js: 1.5.1
      ieee754: 1.2.1

  camera-controls@2.8.3(three@0.164.1):
    dependencies:
      three: 0.164.1

  clsx@2.1.1: {}

  cross-env@7.0.3:
    dependencies:
      cross-spawn: 7.0.3

  cross-spawn@7.0.3:
    dependencies:
      path-key: 3.1.1
      shebang-command: 2.0.0
      which: 2.0.2

  csstype@3.1.3: {}

  debounce@1.2.1: {}

  detect-gpu@5.0.38:
    dependencies:
      webgl-constants: 1.1.1

  draco3d@1.5.7: {}

  esbuild@0.20.2:
    optionalDependencies:
      '@esbuild/aix-ppc64': 0.20.2
      '@esbuild/android-arm': 0.20.2
      '@esbuild/android-arm64': 0.20.2
      '@esbuild/android-x64': 0.20.2
      '@esbuild/darwin-arm64': 0.20.2
      '@esbuild/darwin-x64': 0.20.2
      '@esbuild/freebsd-arm64': 0.20.2
      '@esbuild/freebsd-x64': 0.20.2
      '@esbuild/linux-arm': 0.20.2
      '@esbuild/linux-arm64': 0.20.2
      '@esbuild/linux-ia32': 0.20.2
      '@esbuild/linux-loong64': 0.20.2
      '@esbuild/linux-mips64el': 0.20.2
      '@esbuild/linux-ppc64': 0.20.2
      '@esbuild/linux-riscv64': 0.20.2
      '@esbuild/linux-s390x': 0.20.2
      '@esbuild/linux-x64': 0.20.2
      '@esbuild/netbsd-x64': 0.20.2
      '@esbuild/openbsd-x64': 0.20.2
      '@esbuild/sunos-x64': 0.20.2
      '@esbuild/win32-arm64': 0.20.2
      '@esbuild/win32-ia32': 0.20.2
      '@esbuild/win32-x64': 0.20.2

  fflate@0.6.10: {}

  fflate@0.8.2: {}

  fsevents@2.3.3:
    optional: true

  glsl-noise@0.0.0: {}

  gsap@3.12.5: {}

  hls.js@1.3.5: {}

  ieee754@1.2.1: {}

  immediate@3.0.6: {}

  is-promise@2.2.2: {}

  isexe@2.0.0: {}

  its-fine@1.2.5(react@18.3.1):
    dependencies:
      '@types/react-reconciler': 0.28.8
      react: 18.3.1

  js-tokens@4.0.0: {}

  lenis@1.0.45(react-dom@18.3.1(react@18.3.1))(react@18.3.1):
    dependencies:
      '@darkroom.engineering/tempus': 0.0.46
      clsx: 2.1.1
    optionalDependencies:
      react: 18.3.1
      react-dom: 18.3.1(react@18.3.1)

  lie@3.3.0:
    dependencies:
      immediate: 3.0.6

  lil-gui@0.19.2: {}

  loose-envify@1.4.0:
    dependencies:
      js-tokens: 4.0.0

  maath@0.10.7(@types/three@0.164.0)(three@0.164.1):
    dependencies:
      '@types/three': 0.164.0
      three: 0.164.1

  meshline@3.3.0(three@0.164.1):
    dependencies:
      three: 0.164.1

  meshoptimizer@0.18.1: {}

  nanoid@3.3.7: {}

  object-assign@4.1.1: {}

  path-key@3.1.1: {}

  picocolors@1.0.1: {}

  postcss@8.4.38:
    dependencies:
      nanoid: 3.3.7
      picocolors: 1.0.1
      source-map-js: 1.2.0

  potpack@1.0.2: {}

  promise-worker-transferable@1.0.4:
    dependencies:
      is-promise: 2.2.2
      lie: 3.3.0

  prop-types@15.8.1:
    dependencies:
      loose-envify: 1.4.0
      object-assign: 4.1.1
      react-is: 16.13.1

  react-composer@5.0.3(react@18.3.1):
    dependencies:
      prop-types: 15.8.1
      react: 18.3.1

  react-dom@18.3.1(react@18.3.1):
    dependencies:
      loose-envify: 1.4.0
      react: 18.3.1
      scheduler: 0.23.2

  react-is@16.13.1: {}

  react-reconciler@0.27.0(react@18.3.1):
    dependencies:
      loose-envify: 1.4.0
      react: 18.3.1
      scheduler: 0.21.0

  react-use-measure@2.1.1(react-dom@18.3.1(react@18.3.1))(react@18.3.1):
    dependencies:
      debounce: 1.2.1
      react: 18.3.1
      react-dom: 18.3.1(react@18.3.1)

  react@18.3.1:
    dependencies:
      loose-envify: 1.4.0

  regenerator-runtime@0.14.1: {}

  require-from-string@2.0.2: {}

  rollup@4.17.2:
    dependencies:
      '@types/estree': 1.0.5
    optionalDependencies:
      '@rollup/rollup-android-arm-eabi': 4.17.2
      '@rollup/rollup-android-arm64': 4.17.2
      '@rollup/rollup-darwin-arm64': 4.17.2
      '@rollup/rollup-darwin-x64': 4.17.2
      '@rollup/rollup-linux-arm-gnueabihf': 4.17.2
      '@rollup/rollup-linux-arm-musleabihf': 4.17.2
      '@rollup/rollup-linux-arm64-gnu': 4.17.2
      '@rollup/rollup-linux-arm64-musl': 4.17.2
      '@rollup/rollup-linux-powerpc64le-gnu': 4.17.2
      '@rollup/rollup-linux-riscv64-gnu': 4.17.2
      '@rollup/rollup-linux-s390x-gnu': 4.17.2
      '@rollup/rollup-linux-x64-gnu': 4.17.2
      '@rollup/rollup-linux-x64-musl': 4.17.2
      '@rollup/rollup-win32-arm64-msvc': 4.17.2
      '@rollup/rollup-win32-ia32-msvc': 4.17.2
      '@rollup/rollup-win32-x64-msvc': 4.17.2
      fsevents: 2.3.3

  scheduler@0.21.0:
    dependencies:
      loose-envify: 1.4.0

  scheduler@0.23.2:
    dependencies:
      loose-envify: 1.4.0

  shebang-command@2.0.0:
    dependencies:
      shebang-regex: 3.0.0

  shebang-regex@3.0.0: {}

  source-map-js@1.2.0: {}

  stats-gl@2.2.8:
    dependencies:
      '@types/three': 0.163.0

  stats.js@0.17.0: {}

  suspend-react@0.1.3(react@18.3.1):
    dependencies:
      react: 18.3.1

  three-mesh-bvh@0.7.4(three@0.164.1):
    dependencies:
      three: 0.164.1

  three-stdlib@2.30.0(three@0.164.1):
    dependencies:
      '@types/draco3d': 1.4.9
      '@types/offscreencanvas': 2019.7.3
      '@types/webxr': 0.5.16
      draco3d: 1.5.7
      fflate: 0.6.10
      potpack: 1.0.2
      three: 0.164.1

  three@0.164.1: {}

  troika-three-text@0.49.1(three@0.164.1):
    dependencies:
      bidi-js: 1.0.3
      three: 0.164.1
      troika-three-utils: 0.49.0(three@0.164.1)
      troika-worker-utils: 0.49.0
      webgl-sdf-generator: 1.1.1

  troika-three-utils@0.49.0(three@0.164.1):
    dependencies:
      three: 0.164.1

  troika-worker-utils@0.49.0: {}

  tunnel-rat@0.1.2(@types/react@18.3.2)(react@18.3.1):
    dependencies:
      zustand: 4.5.2(@types/react@18.3.2)(react@18.3.1)
    transitivePeerDependencies:
      - '@types/react'
      - immer
      - react

  typescript@5.4.5: {}

  use-sync-external-store@1.2.0(react@18.3.1):
    dependencies:
      react: 18.3.1

  utility-types@3.11.0: {}

  uuid@9.0.1: {}

  vite@5.2.11:
    dependencies:
      esbuild: 0.20.2
      postcss: 8.4.38
      rollup: 4.17.2
    optionalDependencies:
      fsevents: 2.3.3

  webgl-constants@1.1.1: {}

  webgl-sdf-generator@1.1.1: {}

  which@2.0.2:
    dependencies:
      isexe: 2.0.0

  zustand@3.7.2(react@18.3.1):
    optionalDependencies:
      react: 18.3.1

  zustand@4.5.2(@types/react@18.3.2)(react@18.3.1):
    dependencies:
      use-sync-external-store: 1.2.0(react@18.3.1)
    optionalDependencies:
      '@types/react': 18.3.2
      react: 18.3.1
